
Microsoft Visual Studio Solution File, Format Version 12.00
# Visual Studio Version 16
VisualStudioVersion = 16.0.30711.63
MinimumVisualStudioVersion = 10.0.40219.1
Project("{FAE04EC0-301F-11D3-BF4B-00C04F79EFBC}") = "UrlMatcher", "UrlMatcher\UrlMatcher.csproj", "{F95EEDF1-4568-4D54-929D-2F349FC019CF}"
EndProject
Project("{FAE04EC0-301F-11D3-BF4B-00C04F79EFBC}") = "Test", "Test\Test.csproj", "{97D043BE-8538-4378-86DA-918C3AE6DB0F}"
EndProject
Global
	GlobalSection(SolutionConfigurationPlatforms) = preSolution
		Debug|Any CPU = Debug|Any CPU
		Release|Any CPU = Release|Any CPU
	EndGlobalSection
	GlobalSection(ProjectConfigurationPlatforms) = postSolution
		{F95EEDF1-4568-4D54-929D-2F349FC019CF}.Debug|Any CPU.ActiveCfg = Debug|Any CPU
		{F95EEDF1-4568-4D54-929D-2F349FC019CF}.Debug|Any CPU.Build.0 = Debug|Any CPU
		{F95EEDF1-4568-4D54-929D-2F349FC019CF}.Release|Any CPU.ActiveCfg = Release|Any CPU
		{F95EEDF1-4568-4D54-929D-2F349FC019CF}.Release|Any CPU.Build.0 = Release|Any CPU
		{97D043BE-8538-4378-86DA-918C3AE6DB0F}.Debug|Any CPU.ActiveCfg = Debug|Any CPU
		{97D043BE-8538-4378-86DA-918C3AE6DB0F}.Debug|Any CPU.Build.0 = Debug|Any CPU
		{97D043BE-8538-4378-86DA-918C3AE6DB0F}.Release|Any CPU.ActiveCfg = Release|Any CPU
		{97D043BE-8538-4378-86DA-918C3AE6DB0F}.Release|Any CPU.Build.0 = Release|Any CPU
	EndGlobalSection
	GlobalSection(SolutionProperties) = preSolution
		HideSolutionNode = FALSE
	EndGlobalSection
	GlobalSection(ExtensibilityGlobals) = postSolution
		SolutionGuid = {E64D2669-0B6A-455C-8C0F-C35EB48E7D66}
	EndGlobalSection
EndGlobal
